
Microsoft Visual Studio Solution File, Format Version 12.00
# Visual Studio 14
VisualStudioVersion = 14.0.22609.0
MinimumVisualStudioVersion = 10.0.40219.1
Project("{2150E333-8FDC-42A3-9474-1A3956D46DE8}") = "src", "src", "{1ADAB52A-2FBD-428D-AD30-FF988126E8D3}"
EndProject
Project("{2150E333-8FDC-42A3-9474-1A3956D46DE8}") = "Solution Items", "Solution Items", "{64F47A44-AE48-4624-8B2A-2725A9140B35}"
	ProjectSection(SolutionItems) = preProject
		global.json = global.json
		README.md = README.md
	EndProjectSection
EndProject
Project("{8BB2217D-0F2D-49D1-97BC-3654ED321F3B}") = "thebeebs.co.uk", "src\thebeebs.co.uk\thebeebs.co.uk.kproj", "{45E4A7EC-1D29-4591-8F0A-FF39AAE401E5}"
EndProject
Global
	GlobalSection(SolutionConfigurationPlatforms) = preSolution
		Debug|Any CPU = Debug|Any CPU
		Release|Any CPU = Release|Any CPU
	EndGlobalSection
	GlobalSection(ProjectConfigurationPlatforms) = postSolution
		{45E4A7EC-1D29-4591-8F0A-FF39AAE401E5}.Debug|Any CPU.ActiveCfg = Debug|Any CPU
		{45E4A7EC-1D29-4591-8F0A-FF39AAE401E5}.Debug|Any CPU.Build.0 = Debug|Any CPU
		{45E4A7EC-1D29-4591-8F0A-FF39AAE401E5}.Release|Any CPU.ActiveCfg = Release|Any CPU
		{45E4A7EC-1D29-4591-8F0A-FF39AAE401E5}.Release|Any CPU.Build.0 = Release|Any CPU
	EndGlobalSection
	GlobalSection(SolutionProperties) = preSolution
		HideSolutionNode = FALSE
	EndGlobalSection
	GlobalSection(NestedProjects) = preSolution
		{45E4A7EC-1D29-4591-8F0A-FF39AAE401E5} = {1ADAB52A-2FBD-428D-AD30-FF988126E8D3}
	EndGlobalSection
EndGlobal
